Microsoft Visual Studio Solution File, Format Version 12.00
# Visual Studio Version 17
VisualStudioVersion = 17.5.33414.496
MinimumVisualStudioVersion = 10.0.40219.1
Project("{FAE04EC0-301F-11D3-BF4B-00C04F79EFBC}") = "LaunchServer", "LaunchServer.csproj", "{A80F915A-BFEE-4926-A572-1B978F19295F}"
EndProject
Global
	GlobalSection(SolutionConfigurationPlatforms) = preSolution
		Debug|Any CPU = Debug|Any CPU
		Release|Any CPU = Release|Any CPU
	EndGlobalSection
	GlobalSection(ProjectConfigurationPlatforms) = postSolution
		{A80F915A-BFEE-4926-A572-1B978F19295F}.Debug|Any CPU.ActiveCfg = Debug|Any CPU
		{A80F915A-BFEE-4926-A572-1B978F19295F}.Debug|Any CPU.Build.0 = Debug|Any CPU
		{A80F915A-BFEE-4926-A572-1B978F19295F}.Release|Any CPU.ActiveCfg = Release|Any CPU
		{A80F915A-BFEE-4926-A572-1B978F19295F}.Release|Any CPU.Build.0 = Release|Any CPU
	EndGlobalSection
	GlobalSection(SolutionProperties) = preSolution
		HideSolutionNode = FALSE
	EndGlobalSection
	GlobalSection(ExtensibilityGlobals) = postSolution
		SolutionGuid = {3542A4F8-634C-4DFE-A4CC-DF9BA2395C7B}
	EndGlobalSection
EndGlobal
